
Microsoft Visual Studio Solution File, Format Version 12.00
# Visual Studio Version 16
VisualStudioVersion = 16.0.30804.86
MinimumVisualStudioVersion = 10.0.40219.1
Project("{8BC9CEB8-8B4A-11D0-8D11-00A0C91BC942}") = "Chapter 2", "Chapter 2\Chapter 2.vcxproj", "{DE74DEE1-3200-4FD9-A7B1-7276C0892617}"
EndProject
Global
	GlobalSection(SolutionConfigurationPlatforms) = preSolution
		Debug|x64 = Debug|x64
		Debug|x86 = Debug|x86
		Release|x64 = Release|x64
		Release|x86 = Release|x86
	EndGlobalSection
	GlobalSection(ProjectConfigurationPlatforms) = postSolution
		{DE74DEE1-3200-4FD9-A7B1-7276C0892617}.Debug|x64.ActiveCfg = Debug|x64
		{DE74DEE1-3200-4FD9-A7B1-7276C0892617}.Debug|x64.Build.0 = Debug|x64
		{DE74DEE1-3200-4FD9-A7B1-7276C0892617}.Debug|x86.ActiveCfg = Debug|Win32
		{DE74DEE1-3200-4FD9-A7B1-7276C0892617}.Debug|x86.Build.0 = Debug|Win32
		{DE74DEE1-3200-4FD9-A7B1-7276C0892617}.Release|x64.ActiveCfg = Release|x64
		{DE74DEE1-3200-4FD9-A7B1-7276C0892617}.Release|x64.Build.0 = Release|x64
		{DE74DEE1-3200-4FD9-A7B1-7276C0892617}.Release|x86.ActiveCfg = Release|Win32
		{DE74DEE1-3200-4FD9-A7B1-7276C0892617}.Release|x86.Build.0 = Release|Win32
	EndGlobalSection
	GlobalSection(SolutionProperties) = preSolution
		HideSolutionNode = FALSE
	EndGlobalSection
	GlobalSection(ExtensibilityGlobals) = postSolution
		SolutionGuid = {15F8FEB3-7541-45B9-A9E3-F0660A333C5E}
	EndGlobalSection
EndGlobal
